{
  "originHash" : "c7a8483eac2e180f5f07c201dbf3a8c0d3efec21dc567d81c70f894b72c899e0",
  "pins" : [
    {
      "identity" : "hypnogramcomputationsp",
      "kind" : "remoteSourceControl",
      "location" : "https://github.com/drIGunDev/HypnogramComputationSP",
      "state" : {
        "revision" : "7ecfa03b2c41cbe01e3c066165b358abd320b01e",
        "version" : "2.0.0"
      }
    },
    {
      "identity" : "swiftinjectlite",
      "kind" : "remoteSourceControl",
      "location" : "https://github.com/drIGunDev/SwiftInjectLite",
      "state" : {
        "revision" : "2b92c23d811735d933bff85f35aa31ea32be0890",
        "version" : "1.1.1"
      }
    }
  ],
  "version" : 3
}
