{
  "originHash" : "4e3cf4c5f3670da7d8d1e1fa646f89fc986a371dcca05d411fcbd87db712f2a8",
  "pins" : [
    {
      "identity" : "hypnogramcomputationsp",
      "kind" : "remoteSourceControl",
      "location" : "https://github.com/drIGunDev/HypnogramComputationSP",
      "state" : {
        "revision" : "ec9e6fd29285ff2309cd2dbcd241961f1958736d",
        "version" : "2.0.3"
      }
    },
    {
      "identity" : "linea",
      "kind" : "remoteSourceControl",
      "location" : "https://github.com/drIGunDev/Linea",
      "state" : {
        "revision" : "ccf4326d1359ef089ce48c2da6d78a7ad42917b0",
        "version" : "1.1.5"
      }
    },
    {
      "identity" : "swiftinjectlite",
      "kind" : "remoteSourceControl",
      "location" : "https://github.com/drIGunDev/SwiftInjectLite",
      "state" : {
        "revision" : "75ed1401634e665ab24b003e20edcfbf3cd00d2b",
        "version" : "1.1.6"
      }
    }
  ],
  "version" : 3
}
