{
  "originHash" : "4e3cf4c5f3670da7d8d1e1fa646f89fc986a371dcca05d411fcbd87db712f2a8",
  "pins" : [
    {
      "identity" : "hypnogramcomputationsp",
      "kind" : "remoteSourceControl",
      "location" : "https://github.com/drIGunDev/HypnogramComputationSP",
      "state" : {
        "revision" : "ec9e6fd29285ff2309cd2dbcd241961f1958736d",
        "version" : "2.0.3"
      }
    },
    {
      "identity" : "linea",
      "kind" : "remoteSourceControl",
      "location" : "https://github.com/drIGunDev/Linea",
      "state" : {
        "revision" : "2a9e8b1130620c2f64aa426c9b46516664bc4831",
        "version" : "1.1.4"
      }
    },
    {
      "identity" : "swiftinjectlite",
      "kind" : "remoteSourceControl",
      "location" : "https://github.com/drIGunDev/SwiftInjectLite",
      "state" : {
        "revision" : "5ab61e3c134dd635fec332f09b94df4ad7f865b4",
        "version" : "1.1.3"
      }
    }
  ],
  "version" : 3
}
